schema: '2.0'
stages:
  prepare:
    cmd: python -m src.ml.data
    deps:
    - path: creditcard.csv
      hash: md5
      md5: e90efcb83d69faf99fcab8b0255024de
      size: 150828752
    - path: src/ml/data.py
      hash: md5
      md5: 5d4b4a5f97d257d3500af00752060b93
      size: 1231
    outs:
    - path: data/processed/current.parquet
      hash: md5
      md5: 48528dd0e68b2fc9c7879bedabd7d278
      size: 1416958
    - path: data/processed/reference.parquet
      hash: md5
      md5: 8f7f171450846f0bd27035c48f10d224
      size: 2845918
    - path: data/processed/test.parquet
      hash: md5
      md5: 2cffb1d81a3f6645ced36a887a0c4b62
      size: 16333156
    - path: data/processed/train.parquet
      hash: md5
      md5: 96fdca8ff9d1130537e4ea365c4a65d8
      size: 60528603
  train:
    cmd: python -m src.ml.train
    deps:
    - path: configs/base.yaml
      hash: md5
      md5: 4a9088f2864dfeb097c84101c65e3b07
      size: 47
    - path: configs/training.yaml
      hash: md5
      md5: 9ce378da9840366a14c1f5c3a53d2a98
      size: 132
    - path: data/processed/test.parquet
      hash: md5
      md5: 2cffb1d81a3f6645ced36a887a0c4b62
      size: 16333156
    - path: data/processed/train.parquet
      hash: md5
      md5: 96fdca8ff9d1130537e4ea365c4a65d8
      size: 60528603
    - path: src/ml/train.py
      hash: md5
      md5: 24f2d84b66e5a4b8ab1bf555e82d3cef
      size: 4537
    outs:
    - path: models/latest.joblib
      hash: md5
      md5: 1238cdebbffbb7b0184e09b0b5cbde3f
      size: 2878
  evaluate:
    cmd: python -m src.ml.evaluate
    deps:
    - path: data/processed/test.parquet
      hash: md5
      md5: 2cffb1d81a3f6645ced36a887a0c4b62
      size: 16333156
    - path: models/latest.joblib
      hash: md5
      md5: 1238cdebbffbb7b0184e09b0b5cbde3f
      size: 2878
    - path: src/ml/evaluate.py
      hash: md5
      md5: e991c8a13ab90bf9334d5935da728622
      size: 649
